// !$*UTF8*$!
{
	archiveVersion = 1;
	classes = {
	};
	objectVersion = 46;
	objects = {

/* Begin PBXBuildFile section */
		09C73C351D10EA870004DB60 /* main.m in Sources */ = {isa = PBXBuildFile; fileRef = 09C73C341D10EA870004DB60 /* main.m */; };
		09C73C381D10EA870004DB60 /* AppDelegate.m in Sources */ = {isa = PBXBuildFile; fileRef = 09C73C371D10EA870004DB60 /* AppDelegate.m */; };
		09C73C3E1D10EA870004DB60 /* Main.storyboard in Resources */ = {isa = PBXBuildFile; fileRef = 09C73C3C1D10EA870004DB60 /* Main.storyboard */; };
		09C73C401D10EA870004DB60 /* Assets.xcassets in Resources */ = {isa = PBXBuildFile; fileRef = 09C73C3F1D10EA870004DB60 /* Assets.xcassets */; };
		09C73C431D10EA870004DB60 /* LaunchScreen.storyboard in Resources */ = {isa = PBXBuildFile; fileRef = 09C73C411D10EA870004DB60 /* LaunchScreen.storyboard */; };
		09C73C4E1D10EA870004DB60 /* CC_ControlTests.m in Sources */ = {isa = PBXBuildFile; fileRef = 09C73C4D1D10EA870004DB60 /* CC_ControlTests.m */; };
		09C73C591D10EA870004DB60 /* CC_ControlUITests.m in Sources */ = {isa = PBXBuildFile; fileRef = 09C73C581D10EA870004DB60 /* CC_ControlUITests.m */; };
		09C73C681D10EC1F0004DB60 /* DashboardViewController.m in Sources */ = {isa = PBXBuildFile; fileRef = 09C73C671D10EC1F0004DB60 /* DashboardViewController.m */; };
/* End PBXBuildFile section */

/* Begin PBXContainerItemProxy section */
		09C73C4A1D10EA870004DB60 /* PBXContainerItemProxy */ = {
			isa = PBXContainerItemProxy;
			containerPortal = 09C73C281D10EA870004DB60 /* Project object */;
			proxyType = 1;
			remoteGlobalIDString = 09C73C2F1D10EA870004DB60;
			remoteInfo = "CC Control";
		};
		09C73C551D10EA870004DB60 /* PBXContainerItemProxy */ = {
			isa = PBXContainerItemProxy;
			containerPortal = 09C73C281D10EA870004DB60 /* Project object */;
			proxyType = 1;
			remoteGlobalIDString = 09C73C2F1D10EA870004DB60;
			remoteInfo = "CC Control";
		};
/* End PBXContainerItemProxy section */

/* Begin PBXFileReference section */
		09C73C301D10EA870004DB60 /* CC Control.app */ = {isa = PBXFileReference; explicitFileType = wrapper.application; includeInIndex = 0; path = "CC Control.app"; sourceTree = BUILT_PRODUCTS_DIR; };
		09C73C341D10EA870004DB60 /* main.m */ = {isa = PBXFileReference; lastKnownFileType = sourcecode.c.objc; path = main.m; sourceTree = "<group>"; };
		09C73C361D10EA870004DB60 /* AppDelegate.h */ = {isa = PBXFileReference; lastKnownFileType = sourcecode.c.h; path = AppDelegate.h; sourceTree = "<group>"; };
		09C73C371D10EA870004DB60 /* AppDelegate.m */ = {isa = PBXFileReference; lastKnownFileType = sourcecode.c.objc; path = AppDelegate.m; sourceTree = "<group>"; };
		09C73C3D1D10EA870004DB60 /* Base */ = {isa = PBXFileReference; lastKnownFileType = file.storyboard; name = Base; path = Base.lproj/Main.storyboard; sourceTree = "<group>"; };
		09C73C3F1D10EA870004DB60 /* Assets.xcassets */ = {isa = PBXFileReference; lastKnownFileType = folder.assetcatalog; path = Assets.xcassets; sourceTree = "<group>"; };
		09C73C421D10EA870004DB60 /* Base */ = {isa = PBXFileReference; lastKnownFileType = file.storyboard; name = Base; path = Base.lproj/LaunchScreen.storyboard; sourceTree = "<group>"; };
		09C73C441D10EA870004DB60 /* Info.plist */ = {isa = PBXFileReference; lastKnownFileType = text.plist.xml; path = Info.plist; sourceTree = "<group>"; };
		09C73C491D10EA870004DB60 /* CC ControlTests.xctest */ = {isa = PBXFileReference; explicitFileType = wrapper.cfbundle; includeInIndex = 0; path = "CC ControlTests.xctest"; sourceTree = BUILT_PRODUCTS_DIR; };
		09C73C4D1D10EA870004DB60 /* CC_ControlTests.m */ = {isa = PBXFileReference; lastKnownFileType = sourcecode.c.objc; path = CC_ControlTests.m; sourceTree = "<group>"; };
		09C73C4F1D10EA870004DB60 /* Info.plist */ = {isa = PBXFileReference; lastKnownFileType = text.plist.xml; path = Info.plist; sourceTree = "<group>"; };
		09C73C541D10EA870004DB60 /* CC ControlUITests.xctest */ = {isa = PBXFileReference; explicitFileType = wrapper.cfbundle; includeInIndex = 0; path = "CC ControlUITests.xctest"; sourceTree = BUILT_PRODUCTS_DIR; };
		09C73C581D10EA870004DB60 /* CC_ControlUITests.m */ = {isa = PBXFileReference; lastKnownFileType = sourcecode.c.objc; path = CC_ControlUITests.m; sourceTree = "<group>"; };
		09C73C5A1D10EA870004DB60 /* Info.plist */ = {isa = PBXFileReference; lastKnownFileType = text.plist.xml; path = Info.plist; sourceTree = "<group>"; };
		09C73C661D10EC1F0004DB60 /* DashboardViewController.h */ = {isa = PBXFileReference; fileEncoding = 4; lastKnownFileType = sourcecode.c.h; path = DashboardViewController.h; sourceTree = "<group>"; };
		09C73C671D10EC1F0004DB60 /* DashboardViewController.m */ = {isa = PBXFileReference; fileEncoding = 4; lastKnownFileType = sourcecode.c.objc; path = DashboardViewController.m; sourceTree = "<group>"; };
/* End PBXFileReference section */

/* Begin PBXFrameworksBuildPhase section */
		09C73C2D1D10EA870004DB60 /* Frameworks */ = {
			isa = PBXFrameworksBuildPhase;
			buildActionMask = 2147483647;
			files = (
			);
			runOnlyForDeploymentPostprocessing = 0;
		};
		09C73C461D10EA870004DB60 /* Frameworks */ = {
			isa = PBXFrameworksBuildPhase;
			buildActionMask = 2147483647;
			files = (
			);
			runOnlyForDeploymentPostprocessing = 0;
		};
		09C73C511D10EA870004DB60 /* Frameworks */ = {
			isa = PBXFrameworksBuildPhase;
			buildActionMask = 2147483647;
			files = (
			);
			runOnlyForDeploymentPostprocessing = 0;
		};
/* End PBXFrameworksBuildPhase section */

/* Begin PBXGroup section */
		09C73C271D10EA870004DB60 = {
			isa = PBXGroup;
			children = (
				09C73C321D10EA870004DB60 /* CC Control */,
				09C73C4C1D10EA870004DB60 /* CC ControlTests */,
				09C73C571D10EA870004DB60 /* CC ControlUITests */,
				09C73C311D10EA870004DB60 /* Products */,
			);
			sourceTree = "<group>";
		};
		09C73C311D10EA870004DB60 /* Products */ = {
			isa = PBXGroup;
			children = (
				09C73C301D10EA870004DB60 /* CC Control.app */,
				09C73C491D10EA870004DB60 /* CC ControlTests.xctest */,
				09C73C541D10EA870004DB60 /* CC ControlUITests.xctest */,
			);
			name = Products;
			sourceTree = "<group>";
		};
		09C73C321D10EA870004DB60 /* CC Control */ = {
			isa = PBXGroup;
			children = (
				09C73C361D10EA870004DB60 /* AppDelegate.h */,
				09C73C371D10EA870004DB60 /* AppDelegate.m */,
				09C73C691D10EC280004DB60 /* ViewControllers */,
				09C73C3C1D10EA870004DB60 /* Main.storyboard */,
				09C73C3F1D10EA870004DB60 /* Assets.xcassets */,
				09C73C411D10EA870004DB60 /* LaunchScreen.storyboard */,
				09C73C441D10EA870004DB60 /* Info.plist */,
				09C73C331D10EA870004DB60 /* Supporting Files */,
			);
			path = "CC Control";
			sourceTree = "<group>";
		};
		09C73C331D10EA870004DB60 /* Supporting Files */ = {
			isa = PBXGroup;
			children = (
				09C73C341D10EA870004DB60 /* main.m */,
			);
			name = "Supporting Files";
			sourceTree = "<group>";
		};
		09C73C4C1D10EA870004DB60 /* CC ControlTests */ = {
			isa = PBXGroup;
			children = (
				09C73C4D1D10EA870004DB60 /* CC_ControlTests.m */,
				09C73C4F1D10EA870004DB60 /* Info.plist */,
			);
			path = "CC ControlTests";
			sourceTree = "<group>";
		};
		09C73C571D10EA870004DB60 /* CC ControlUITests */ = {
			isa = PBXGroup;
			children = (
				09C73C581D10EA870004DB60 /* CC_ControlUITests.m */,
				09C73C5A1D10EA870004DB60 /* Info.plist */,
			);
			path = "CC ControlUITests";
			sourceTree = "<group>";
		};
		09C73C691D10EC280004DB60 /* ViewControllers */ = {
			isa = PBXGroup;
			children = (
				09C73C661D10EC1F0004DB60 /* DashboardViewController.h */,
				09C73C671D10EC1F0004DB60 /* DashboardViewController.m */,
			);
			name = ViewControllers;
			sourceTree = "<group>";
		};
/* End PBXGroup section */

/* Begin PBXNativeTarget section */
		09C73C2F1D10EA870004DB60 /* CC Control */ = {
			isa = PBXNativeTarget;
			buildConfigurationList = 09C73C5D1D10EA870004DB60 /* Build configuration list for PBXNativeTarget "CC Control" */;
			buildPhases = (
				09C73C2C1D10EA870004DB60 /* Sources */,
				09C73C2D1D10EA870004DB60 /* Frameworks */,
				09C73C2E1D10EA870004DB60 /* Resources */,
			);
			buildRules = (
			);
			dependencies = (
			);
			name = "CC Control";
			productName = "CC Control";
			productReference = 09C73C301D10EA870004DB60 /* CC Control.app */;
			productType = "com.apple.product-type.application";
		};
		09C73C481D10EA870004DB60 /* CC ControlTests */ = {
			isa = PBXNativeTarget;
			buildConfigurationList = 09C73C601D10EA870004DB60 /* Build configuration list for PBXNativeTarget "CC ControlTests" */;
			buildPhases = (
				09C73C451D10EA870004DB60 /* Sources */,
				09C73C461D10EA870004DB60 /* Frameworks */,
				09C73C471D10EA870004DB60 /* Resources */,
			);
			buildRules = (
			);
			dependencies = (
				09C73C4B1D10EA870004DB60 /* PBXTargetDependency */,
			);
			name = "CC ControlTests";
			productName = "CC ControlTests";
			productReference = 09C73C491D10EA870004DB60 /* CC ControlTests.xctest */;
			productType = "com.apple.product-type.bundle.unit-test";
		};
		09C73C531D10EA870004DB60 /* CC ControlUITests */ = {
			isa = PBXNativeTarget;
			buildConfigurationList = 09C73C631D10EA870004DB60 /* Build configuration list for PBXNativeTarget "CC ControlUITests" */;
			buildPhases = (
				09C73C501D10EA870004DB60 /* Sources */,
				09C73C511D10EA870004DB60 /* Frameworks */,
				09C73C521D10EA870004DB60 /* Resources */,
			);
			buildRules = (
			);
			dependencies = (
				09C73C561D10EA870004DB60 /* PBXTargetDependency */,
			);
			name = "CC ControlUITests";
			productName = "CC ControlUITests";
			productReference = 09C73C541D10EA870004DB60 /* CC ControlUITests.xctest */;
			productType = "com.apple.product-type.bundle.ui-testing";
		};
/* End PBXNativeTarget section */

/* Begin PBXProject section */
		09C73C281D10EA870004DB60 /* Project object */ = {
			isa = PBXProject;
			attributes = {
				LastUpgradeCheck = 0730;
				ORGANIZATIONNAME = WorldStar;
				TargetAttributes = {
					09C73C2F1D10EA870004DB60 = {
						CreatedOnToolsVersion = 7.3.1;
					};
					09C73C481D10EA870004DB60 = {
						CreatedOnToolsVersion = 7.3.1;
						TestTargetID = 09C73C2F1D10EA870004DB60;
					};
					09C73C531D10EA870004DB60 = {
						CreatedOnToolsVersion = 7.3.1;
						TestTargetID = 09C73C2F1D10EA870004DB60;
					};
				};
			};
			buildConfigurationList = 09C73C2B1D10EA870004DB60 /* Build configuration list for PBXProject "CC Control" */;
			compatibilityVersion = "Xcode 3.2";
			developmentRegion = English;
			hasScannedForEncodings = 0;
			knownRegions = (
				en,
				Base,
			);
			mainGroup = 09C73C271D10EA870004DB60;
			productRefGroup = 09C73C311D10EA870004DB60 /* Products */;
			projectDirPath = "";
			projectRoot = "";
			targets = (
				09C73C2F1D10EA870004DB60 /* CC Control */,
				09C73C481D10EA870004DB60 /* CC ControlTests */,
				09C73C531D10EA870004DB60 /* CC ControlUITests */,
			);
		};
/* End PBXProject section */

/* Begin PBXResourcesBuildPhase section */
		09C73C2E1D10EA870004DB60 /* Resources */ = {
			isa = PBXResourcesBuildPhase;
			buildActionMask = 2147483647;
			files = (
				09C73C431D10EA870004DB60 /* LaunchScreen.storyboard in Resources */,
				09C73C401D10EA870004DB60 /* Assets.xcassets in Resources */,
				09C73C3E1D10EA870004DB60 /* Main.storyboard in Resources */,
			);
			runOnlyForDeploymentPostprocessing = 0;
		};
		09C73C471D10EA870004DB60 /* Resources */ = {
			isa = PBXResourcesBuildPhase;
			buildActionMask = 2147483647;
			files = (
			);
			runOnlyForDeploymentPostprocessing = 0;
		};
		09C73C521D10EA870004DB60 /* Resources */ = {
			isa = PBXResourcesBuildPhase;
			buildActionMask = 2147483647;
			files = (
			);
			runOnlyForDeploymentPostprocessing = 0;
		};
/* End PBXResourcesBuildPhase section */

/* Begin PBXSourcesBuildPhase section */
		09C73C2C1D10EA870004DB60 /* Sources */ = {
			isa = PBXSourcesBuildPhase;
			buildActionMask = 2147483647;
			files = (
				09C73C381D10EA870004DB60 /* AppDelegate.m in Sources */,
				09C73C351D10EA870004DB60 /* main.m in Sources */,
				09C73C681D10EC1F0004DB60 /* DashboardViewController.m in Sources */,
			);
			runOnlyForDeploymentPostprocessing = 0;
		};
		09C73C451D10EA870004DB60 /* Sources */ = {
			isa = PBXSourcesBuildPhase;
			buildActionMask = 2147483647;
			files = (
				09C73C4E1D10EA870004DB60 /* CC_ControlTests.m in Sources */,
			);
			runOnlyForDeploymentPostprocessing = 0;
		};
		09C73C501D10EA870004DB60 /* Sources */ = {
			isa = PBXSourcesBuildPhase;
			buildActionMask = 2147483647;
			files = (
				09C73C591D10EA870004DB60 /* CC_ControlUITests.m in Sources */,
			);
			runOnlyForDeploymentPostprocessing = 0;
		};
/* End PBXSourcesBuildPhase section */

/* Begin PBXTargetDependency section */
		09C73C4B1D10EA870004DB60 /* PBXTargetDependency */ = {
			isa = PBXTargetDependency;
			target = 09C73C2F1D10EA870004DB60 /* CC Control */;
			targetProxy = 09C73C4A1D10EA870004DB60 /* PBXContainerItemProxy */;
		};
		09C73C561D10EA870004DB60 /* PBXTargetDependency */ = {
			isa = PBXTargetDependency;
			target = 09C73C2F1D10EA870004DB60 /* CC Control */;
			targetProxy = 09C73C551D10EA870004DB60 /* PBXContainerItemProxy */;
		};
/* End PBXTargetDependency section */

/* Begin PBXVariantGroup section */
		09C73C3C1D10EA870004DB60 /* Main.storyboard */ = {
			isa = PBXVariantGroup;
			children = (
				09C73C3D1D10EA870004DB60 /* Base */,
			);
			name = Main.storyboard;
			sourceTree = "<group>";
		};
		09C73C411D10EA870004DB60 /* LaunchScreen.storyboard */ = {
			isa = PBXVariantGroup;
			children = (
				09C73C421D10EA870004DB60 /* Base */,
			);
			name = LaunchScreen.storyboard;
			sourceTree = "<group>";
		};
/* End PBXVariantGroup section */

/* Begin XCBuildConfiguration section */
		09C73C5B1D10EA870004DB60 /* Debug */ = {
			isa = XCBuildConfiguration;
			buildSettings = {
				ALWAYS_SEARCH_USER_PATHS = NO;
				CLANG_ANALYZER_NONNULL = YES;
				CLANG_CXX_LANGUAGE_STANDARD = "gnu++0x";
				CLANG_CXX_LIBRARY = "libc++";
				CLANG_ENABLE_MODULES = YES;
				CLANG_ENABLE_OBJC_ARC = YES;
				CLANG_WARN_BOOL_CONVERSION = YES;
				CLANG_WARN_CONSTANT_CONVERSION = YES;
				CLANG_WARN_DIRECT_OBJC_ISA_USAGE = YES_ERROR;
				CLANG_WARN_EMPTY_BODY = YES;
				CLANG_WARN_ENUM_CONVERSION = YES;
				CLANG_WARN_INT_CONVERSION = YES;
				CLANG_WARN_OBJC_ROOT_CLASS = YES_ERROR;
				CLANG_WARN_UNREACHABLE_CODE = YES;
				CLANG_WARN__DUPLICATE_METHOD_MATCH = YES;
				"CODE_SIGN_IDENTITY[sdk=iphoneos*]" = "iPhone Developer";
				COPY_PHASE_STRIP = NO;
				DEBUG_INFORMATION_FORMAT = dwarf;
				ENABLE_STRICT_OBJC_MSGSEND = YES;
				ENABLE_TESTABILITY = YES;
				GCC_C_LANGUAGE_STANDARD = gnu99;
				GCC_DYNAMIC_NO_PIC = NO;
				GCC_NO_COMMON_BLOCKS = YES;
				GCC_OPTIMIZATION_LEVEL = 0;
				GCC_PREPROCESSOR_DEFINITIONS = (
					"DEBUG=1",
					"$(inherited)",
				);
				GCC_WARN_64_TO_32_BIT_CONVERSION = YES;
				GCC_WARN_ABOUT_RETURN_TYPE = YES_ERROR;
				GCC_WARN_UNDECLARED_SELECTOR = YES;
				GCC_WARN_UNINITIALIZED_AUTOS = YES_AGGRESSIVE;
				GCC_WARN_UNUSED_FUNCTION = YES;
				GCC_WARN_UNUSED_VARIABLE = YES;
				IPHONEOS_DEPLOYMENT_TARGET = 9.3;
				MTL_ENABLE_DEBUG_INFO = YES;
				ONLY_ACTIVE_ARCH = YES;
				SDKROOT = iphoneos;
				TARGETED_DEVICE_FAMILY = 2;
			};
			name = Debug;
		};
		09C73C5C1D10EA870004DB60 /* Release */ = {
			isa = XCBuildConfiguration;
			buildSettings = {
				ALWAYS_SEARCH_USER_PATHS = NO;
				CLANG_ANALYZER_NONNULL = YES;
				CLANG_CXX_LANGUAGE_STANDARD = "gnu++0x";
				CLANG_CXX_LIBRARY = "libc++";
				CLANG_ENABLE_MODULES = YES;
				CLANG_ENABLE_OBJC_ARC = YES;
				CLANG_WARN_BOOL_CONVERSION = YES;
				CLANG_WARN_CONSTANT_CONVERSION = YES;
				CLANG_WARN_DIRECT_OBJC_ISA_USAGE = YES_ERROR;
				CLANG_WARN_EMPTY_BODY = YES;
				CLANG_WARN_ENUM_CONVERSION = YES;
				CLANG_WARN_INT_CONVERSION = YES;
				CLANG_WARN_OBJC_ROOT_CLASS = YES_ERROR;
				CLANG_WARN_UNREACHABLE_CODE = YES;
				CLANG_WARN__DUPLICATE_METHOD_MATCH = YES;
				"CODE_SIGN_IDENTITY[sdk=iphoneos*]" = "iPhone Developer";
				COPY_PHASE_STRIP = NO;
				DEBUG_INFORMATION_FORMAT = "dwarf-with-dsym";
				ENABLE_NS_ASSERTIONS = NO;
				ENABLE_STRICT_OBJC_MSGSEND = YES;
				GCC_C_LANGUAGE_STANDARD = gnu99;
				GCC_NO_COMMON_BLOCKS = YES;
				GCC_WARN_64_TO_32_BIT_CONVERSION = YES;
				GCC_WARN_ABOUT_RETURN_TYPE = YES_ERROR;
				GCC_WARN_UNDECLARED_SELECTOR = YES;
				GCC_WARN_UNINITIALIZED_AUTOS = YES_AGGRESSIVE;
				GCC_WARN_UNUSED_FUNCTION = YES;
				GCC_WARN_UNUSED_VARIABLE = YES;
				IPHONEOS_DEPLOYMENT_TARGET = 9.3;
				MTL_ENABLE_DEBUG_INFO = NO;
				SDKROOT = iphoneos;
				TARGETED_DEVICE_FAMILY = 2;
				VALIDATE_PRODUCT = YES;
			};
			name = Release;
		};
		09C73C5E1D10EA870004DB60 /* Debug */ = {
			isa = XCBuildConfiguration;
			buildSettings = {
				ASSETCATALOG_COMPILER_APPICON_NAME = AppIcon;
				INFOPLIST_FILE = "CC Control/Info.plist";
				LD_RUNPATH_SEARCH_PATHS = "$(inherited) @executable_path/Frameworks";
				PRODUCT_BUNDLE_IDENTIFIER = "com.worldstar.CC-Control";
				PRODUCT_NAME = "$(TARGET_NAME)";
			};
			name = Debug;
		};
		09C73C5F1D10EA870004DB60 /* Release */ = {
			isa = XCBuildConfiguration;
			buildSettings = {
				ASSETCATALOG_COMPILER_APPICON_NAME = AppIcon;
				INFOPLIST_FILE = "CC Control/Info.plist";
				LD_RUNPATH_SEARCH_PATHS = "$(inherited) @executable_path/Frameworks";
				PRODUCT_BUNDLE_IDENTIFIER = "com.worldstar.CC-Control";
				PRODUCT_NAME = "$(TARGET_NAME)";
			};
			name = Release;
		};
		09C73C611D10EA870004DB60 /* Debug */ = {
			isa = XCBuildConfiguration;
			buildSettings = {
				BUNDLE_LOADER = "$(TEST_HOST)";
				INFOPLIST_FILE = "CC ControlTests/Info.plist";
				LD_RUNPATH_SEARCH_PATHS = "$(inherited) @executable_path/Frameworks @loader_path/Frameworks";
				PRODUCT_BUNDLE_IDENTIFIER = "com.worldstar.CC-ControlTests";
				PRODUCT_NAME = "$(TARGET_NAME)";
				TEST_HOST = "$(BUILT_PRODUCTS_DIR)/CC Control.app/CC Control";
			};
			name = Debug;
		};
		09C73C621D10EA870004DB60 /* Release */ = {
			isa = XCBuildConfiguration;
			buildSettings = {
				BUNDLE_LOADER = "$(TEST_HOST)";
				INFOPLIST_FILE = "CC ControlTests/Info.plist";
				LD_RUNPATH_SEARCH_PATHS = "$(inherited) @executable_path/Frameworks @loader_path/Frameworks";
				PRODUCT_BUNDLE_IDENTIFIER = "com.worldstar.CC-ControlTests";
				PRODUCT_NAME = "$(TARGET_NAME)";
				TEST_HOST = "$(BUILT_PRODUCTS_DIR)/CC Control.app/CC Control";
			};
			name = Release;
		};
		09C73C641D10EA870004DB60 /* Debug */ = {
			isa = XCBuildConfiguration;
			buildSettings = {
				INFOPLIST_FILE = "CC ControlUITests/Info.plist";
				LD_RUNPATH_SEARCH_PATHS = "$(inherited) @executable_path/Frameworks @loader_path/Frameworks";
				PRODUCT_BUNDLE_IDENTIFIER = "com.worldstar.CC-ControlUITests";
				PRODUCT_NAME = "$(TARGET_NAME)";
				TEST_TARGET_NAME = "CC Control";
			};
			name = Debug;
		};
		09C73C651D10EA870004DB60 /* Release */ = {
			isa = XCBuildConfiguration;
			buildSettings = {
				INFOPLIST_FILE = "CC ControlUITests/Info.plist";
				LD_RUNPATH_SEARCH_PATHS = "$(inherited) @executable_path/Frameworks @loader_path/Frameworks";
				PRODUCT_BUNDLE_IDENTIFIER = "com.worldstar.CC-ControlUITests";
				PRODUCT_NAME = "$(TARGET_NAME)";
				TEST_TARGET_NAME = "CC Control";
			};
			name = Release;
		};
/* End XCBuildConfiguration section */

/* Begin XCConfigurationList section */
		09C73C2B1D10EA870004DB60 /* Build configuration list for PBXProject "CC Control" */ = {
			isa = XCConfigurationList;
			buildConfigurations = (
				09C73C5B1D10EA870004DB60 /* Debug */,
				09C73C5C1D10EA870004DB60 /* Release */,
			);
			defaultConfigurationIsVisible = 0;
			defaultConfigurationName = Release;
		};
		09C73C5D1D10EA870004DB60 /* Build configuration list for PBXNativeTarget "CC Control" */ = {
			isa = XCConfigurationList;
			buildConfigurations = (
				09C73C5E1D10EA870004DB60 /* Debug */,
				09C73C5F1D10EA870004DB60 /* Release */,
			);
			defaultConfigurationIsVisible = 0;
		};
		09C73C601D10EA870004DB60 /* Build configuration list for PBXNativeTarget "CC ControlTests" */ = {
			isa = XCConfigurationList;
			buildConfigurations = (
				09C73C611D10EA870004DB60 /* Debug */,
				09C73C621D10EA870004DB60 /* Release */,
			);
			defaultConfigurationIsVisible = 0;
		};
		09C73C631D10EA870004DB60 /* Build configuration list for PBXNativeTarget "CC ControlUITests" */ = {
			isa = XCConfigurationList;
			buildConfigurations = (
				09C73C641D10EA870004DB60 /* Debug */,
				09C73C651D10EA870004DB60 /* Release */,
			);
			defaultConfigurationIsVisible = 0;
		};
/* End XCConfigurationList section */
	};
	rootObject = 09C73C281D10EA870004DB60 /* Project object */;
}
